
Microsoft Visual Studio Solution File, Format Version 12.00
# Visual Studio 2013
VisualStudioVersion = 12.0.30110.0
MinimumVisualStudioVersion = 10.0.40219.1
Project("{FAE04EC0-301F-11D3-BF4B-00C04F79EFBC}") = "Ssi.TfsWebAccess.Extensions", "Ssi.TfsWebAccess.Extensions\Ssi.TfsWebAccess.Extensions.csproj", "{60594715-946E-46D8-82EF-571BE0E1B4B1}"
EndProject
Project("{2150E333-8FDC-42A3-9474-1A3956D46DE8}") = ".nuget", ".nuget", "{FC6A24C2-34AF-45EC-B9FB-FD40B346FDF9}"
	ProjectSection(SolutionItems) = preProject
		.nuget\NuGet.Config = .nuget\NuGet.Config
		.nuget\NuGet.exe = .nuget\NuGet.exe
		.nuget\NuGet.targets = .nuget\NuGet.targets
	EndProjectSection
EndProject
Global
	GlobalSection(SolutionConfigurationPlatforms) = preSolution
		Debug|Any CPU = Debug|Any CPU
		Release|Any CPU = Release|Any CPU
	EndGlobalSection
	GlobalSection(ProjectConfigurationPlatforms) = postSolution
		{60594715-946E-46D8-82EF-571BE0E1B4B1}.Debug|Any CPU.ActiveCfg = Debug|Any CPU
		{60594715-946E-46D8-82EF-571BE0E1B4B1}.Debug|Any CPU.Build.0 = Debug|Any CPU
		{60594715-946E-46D8-82EF-571BE0E1B4B1}.Release|Any CPU.ActiveCfg = Release|Any CPU
		{60594715-946E-46D8-82EF-571BE0E1B4B1}.Release|Any CPU.Build.0 = Release|Any CPU
	EndGlobalSection
	GlobalSection(SolutionProperties) = preSolution
		HideSolutionNode = FALSE
	EndGlobalSection
EndGlobal
